
Microsoft Visual Studio Solution File, Format Version 12.00
# Visual Studio Version 16
VisualStudioVersion = 16.0.30804.86
MinimumVisualStudioVersion = 10.0.40219.1
Project("{FAE04EC0-301F-11D3-BF4B-00C04F79EFBC}") = "EasyManagerAPI", "EasyManagerAPI.csproj", "{7574C98D-42B2-4ADF-8D76-51C48C0995B8}"
EndProject
Project("{FAE04EC0-301F-11D3-BF4B-00C04F79EFBC}") = "EasyManagerAPI.Tests", "..\EasyManagerAPI.Tests\EasyManagerAPI.Tests.csproj", "{73EC2111-12A4-491E-A97E-54357DC97D71}"
EndProject
Global
	GlobalSection(SolutionConfigurationPlatforms) = preSolution
		Debug|Any CPU = Debug|Any CPU
		Release|Any CPU = Release|Any CPU
	EndGlobalSection
	GlobalSection(ProjectConfigurationPlatforms) = postSolution
		{7574C98D-42B2-4ADF-8D76-51C48C0995B8}.Debug|Any CPU.ActiveCfg = Debug|Any CPU
		{7574C98D-42B2-4ADF-8D76-51C48C0995B8}.Debug|Any CPU.Build.0 = Debug|Any CPU
		{7574C98D-42B2-4ADF-8D76-51C48C0995B8}.Release|Any CPU.ActiveCfg = Release|Any CPU
		{7574C98D-42B2-4ADF-8D76-51C48C0995B8}.Release|Any CPU.Build.0 = Release|Any CPU
		{73EC2111-12A4-491E-A97E-54357DC97D71}.Debug|Any CPU.ActiveCfg = Debug|Any CPU
		{73EC2111-12A4-491E-A97E-54357DC97D71}.Debug|Any CPU.Build.0 = Debug|Any CPU
		{73EC2111-12A4-491E-A97E-54357DC97D71}.Release|Any CPU.ActiveCfg = Release|Any CPU
		{73EC2111-12A4-491E-A97E-54357DC97D71}.Release|Any CPU.Build.0 = Release|Any CPU
	EndGlobalSection
	GlobalSection(SolutionProperties) = preSolution
		HideSolutionNode = FALSE
	EndGlobalSection
	GlobalSection(ExtensibilityGlobals) = postSolution
		SolutionGuid = {3C757ACA-E143-4FFE-8966-F17401B45620}
	EndGlobalSection
EndGlobal
